
Microsoft Visual Studio Solution File, Format Version 11.00
# Visual Studio 2010
Project("{FAE04EC0-301F-11D3-BF4B-00C04F79EFBC}") = "dexol", "dexol\dexol.csproj", "{791DB5E0-120F-4191-9F1C-39332A1459AF}"
EndProject
Project("{FAE04EC0-301F-11D3-BF4B-00C04F79EFBC}") = "DEXExtendLib", "..\libs\DEXExtendLib\DEXExtendLib.csproj", "{1D549913-A9AC-45AD-A25B-FD7772E6184E}"
EndProject
Project("{FAE04EC0-301F-11D3-BF4B-00C04F79EFBC}") = "DEXSIM", "..\libs\DEXSIM\DEXSIM.csproj", "{ABADCEAE-A641-4595-B995-0F77A8FA9AA6}"
EndProject
Project("{FAE04EC0-301F-11D3-BF4B-00C04F79EFBC}") = "DEXPlugin.Document.Beeline.DOL2.Contract", "..\plugins\documents\beeline\DEXPlugin.Document.Beeline.DOL2.Contract\DEXPlugin.Document.Beeline.DOL2.Contract.csproj", "{9576DAE6-1A64-4FD1-A3BB-89096989E530}"
EndProject
Project("{FAE04EC0-301F-11D3-BF4B-00C04F79EFBC}") = "DEXPlugin.Document.MTS.Jeans", "..\plugins\documents\mts\DEXPlugin.Document.MTS.Jeans\DEXPlugin.Document.MTS.Jeans.csproj", "{53EB1B9C-2648-4C3A-9EAD-B306DCA1604D}"
EndProject
Project("{FAE04EC0-301F-11D3-BF4B-00C04F79EFBC}") = "DEXPlugin.Document.Yota.Contract", "..\plugins\documents\yota\DEXPlugin.Document.Yota.Contract\DEXPlugin.Document.Yota.Contract.csproj", "{DB76AE84-0E5B-4BC5-903A-3AF0B6781F78}"
EndProject
Project("{FAE04EC0-301F-11D3-BF4B-00C04F79EFBC}") = "DEXPlugin.Document.Mega.EFD", "..\plugins\documents\megafon\DEXPlugin.Document.Mega.EFD\DEXPlugin.Document.Mega.EFD.csproj", "{C93C5B18-4AFB-47A0-A927-6BEC97AE8CD3}"
EndProject
Project("{FAE04EC0-301F-11D3-BF4B-00C04F79EFBC}") = "DEXPlugin.Journalhook.MTS.PrintReplacementForm", "..\plugins\journalhooks\mts\DEXPlugin.Journalhook.MTS.PrintReplacementForm\DEXPlugin.Journalhook.MTS.PrintReplacementForm.csproj", "{972D170F-0973-4242-A3A9-E6D161C7C1C0}"
EndProject
Global
	GlobalSection(SolutionConfigurationPlatforms) = preSolution
		BeeLineSTS Debug|Any CPU = BeeLineSTS Debug|Any CPU
		BeeLineSTS Release|Any CPU = BeeLineSTS Release|Any CPU
		Debug|Any CPU = Debug|Any CPU
		DEXOL_debug|Any CPU = DEXOL_debug|Any CPU
		DEXOL_release|Any CPU = DEXOL_release|Any CPU
		Megafon Debug|Any CPU = Megafon Debug|Any CPU
		Megafon Release|Any CPU = Megafon Release|Any CPU
		MTS Debug|Any CPU = MTS Debug|Any CPU
		MTS Release|Any CPU = MTS Release|Any CPU
		Release|Any CPU = Release|Any CPU
		Yota Debug|Any CPU = Yota Debug|Any CPU
		Yota Release|Any CPU = Yota Release|Any CPU
	EndGlobalSection
	GlobalSection(ProjectConfigurationPlatforms) = postSolution
		{791DB5E0-120F-4191-9F1C-39332A1459AF}.BeeLineSTS Debug|Any CPU.ActiveCfg = Debug|Any CPU
		{791DB5E0-120F-4191-9F1C-39332A1459AF}.BeeLineSTS Debug|Any CPU.Build.0 = Debug|Any CPU
		{791DB5E0-120F-4191-9F1C-39332A1459AF}.BeeLineSTS Release|Any CPU.ActiveCfg = Release|Any CPU
		{791DB5E0-120F-4191-9F1C-39332A1459AF}.BeeLineSTS Release|Any CPU.Build.0 = Release|Any CPU
		{791DB5E0-120F-4191-9F1C-39332A1459AF}.Debug|Any CPU.ActiveCfg = Debug|Any CPU
		{791DB5E0-120F-4191-9F1C-39332A1459AF}.Debug|Any CPU.Build.0 = Debug|Any CPU
		{791DB5E0-120F-4191-9F1C-39332A1459AF}.DEXOL_debug|Any CPU.ActiveCfg = DEXOL_debug|Any CPU
		{791DB5E0-120F-4191-9F1C-39332A1459AF}.DEXOL_debug|Any CPU.Build.0 = DEXOL_debug|Any CPU
		{791DB5E0-120F-4191-9F1C-39332A1459AF}.DEXOL_release|Any CPU.ActiveCfg = DEXOL_release|Any CPU
		{791DB5E0-120F-4191-9F1C-39332A1459AF}.DEXOL_release|Any CPU.Build.0 = DEXOL_release|Any CPU
		{791DB5E0-120F-4191-9F1C-39332A1459AF}.Megafon Debug|Any CPU.ActiveCfg = Debug|Any CPU
		{791DB5E0-120F-4191-9F1C-39332A1459AF}.Megafon Debug|Any CPU.Build.0 = Debug|Any CPU
		{791DB5E0-120F-4191-9F1C-39332A1459AF}.Megafon Release|Any CPU.ActiveCfg = Release|Any CPU
		{791DB5E0-120F-4191-9F1C-39332A1459AF}.Megafon Release|Any CPU.Build.0 = Release|Any CPU
		{791DB5E0-120F-4191-9F1C-39332A1459AF}.MTS Debug|Any CPU.ActiveCfg = Debug|Any CPU
		{791DB5E0-120F-4191-9F1C-39332A1459AF}.MTS Debug|Any CPU.Build.0 = Debug|Any CPU
		{791DB5E0-120F-4191-9F1C-39332A1459AF}.MTS Release|Any CPU.ActiveCfg = Release|Any CPU
		{791DB5E0-120F-4191-9F1C-39332A1459AF}.MTS Release|Any CPU.Build.0 = Release|Any CPU
		{791DB5E0-120F-4191-9F1C-39332A1459AF}.Release|Any CPU.ActiveCfg = Release|Any CPU
		{791DB5E0-120F-4191-9F1C-39332A1459AF}.Release|Any CPU.Build.0 = Release|Any CPU
		{791DB5E0-120F-4191-9F1C-39332A1459AF}.Yota Debug|Any CPU.ActiveCfg = Debug|Any CPU
		{791DB5E0-120F-4191-9F1C-39332A1459AF}.Yota Debug|Any CPU.Build.0 = Debug|Any CPU
		{791DB5E0-120F-4191-9F1C-39332A1459AF}.Yota Release|Any CPU.ActiveCfg = Release|Any CPU
		{791DB5E0-120F-4191-9F1C-39332A1459AF}.Yota Release|Any CPU.Build.0 = Release|Any CPU
		{1D549913-A9AC-45AD-A25B-FD7772E6184E}.BeeLineSTS Debug|Any CPU.ActiveCfg = BeeLineSTS Debug|Any CPU
		{1D549913-A9AC-45AD-A25B-FD7772E6184E}.BeeLineSTS Debug|Any CPU.Build.0 = BeeLineSTS Debug|Any CPU
		{1D549913-A9AC-45AD-A25B-FD7772E6184E}.BeeLineSTS Release|Any CPU.ActiveCfg = BeeLineSTS Release|Any CPU
		{1D549913-A9AC-45AD-A25B-FD7772E6184E}.BeeLineSTS Release|Any CPU.Build.0 = BeeLineSTS Release|Any CPU
		{1D549913-A9AC-45AD-A25B-FD7772E6184E}.Debug|Any CPU.ActiveCfg = MTS Debug|Any CPU
		{1D549913-A9AC-45AD-A25B-FD7772E6184E}.Debug|Any CPU.Build.0 = MTS Debug|Any CPU
		{1D549913-A9AC-45AD-A25B-FD7772E6184E}.DEXOL_debug|Any CPU.ActiveCfg = DEXOL_debug|Any CPU
		{1D549913-A9AC-45AD-A25B-FD7772E6184E}.DEXOL_debug|Any CPU.Build.0 = DEXOL_debug|Any CPU
		{1D549913-A9AC-45AD-A25B-FD7772E6184E}.DEXOL_release|Any CPU.ActiveCfg = DEXOL_release|Any CPU
		{1D549913-A9AC-45AD-A25B-FD7772E6184E}.DEXOL_release|Any CPU.Build.0 = DEXOL_release|Any CPU
		{1D549913-A9AC-45AD-A25B-FD7772E6184E}.Megafon Debug|Any CPU.ActiveCfg = Megafon Debug|Any CPU
		{1D549913-A9AC-45AD-A25B-FD7772E6184E}.Megafon Debug|Any CPU.Build.0 = Megafon Debug|Any CPU
		{1D549913-A9AC-45AD-A25B-FD7772E6184E}.Megafon Release|Any CPU.ActiveCfg = Megafon Release|Any CPU
		{1D549913-A9AC-45AD-A25B-FD7772E6184E}.Megafon Release|Any CPU.Build.0 = Megafon Release|Any CPU
		{1D549913-A9AC-45AD-A25B-FD7772E6184E}.MTS Debug|Any CPU.ActiveCfg = MTS Debug|Any CPU
		{1D549913-A9AC-45AD-A25B-FD7772E6184E}.MTS Debug|Any CPU.Build.0 = MTS Debug|Any CPU
		{1D549913-A9AC-45AD-A25B-FD7772E6184E}.MTS Release|Any CPU.ActiveCfg = MTS Release|Any CPU
		{1D549913-A9AC-45AD-A25B-FD7772E6184E}.MTS Release|Any CPU.Build.0 = MTS Release|Any CPU
		{1D549913-A9AC-45AD-A25B-FD7772E6184E}.Release|Any CPU.ActiveCfg = MTS Release|Any CPU
		{1D549913-A9AC-45AD-A25B-FD7772E6184E}.Release|Any CPU.Build.0 = MTS Release|Any CPU
		{1D549913-A9AC-45AD-A25B-FD7772E6184E}.Yota Debug|Any CPU.ActiveCfg = Yota Debug|Any CPU
		{1D549913-A9AC-45AD-A25B-FD7772E6184E}.Yota Debug|Any CPU.Build.0 = Yota Debug|Any CPU
		{1D549913-A9AC-45AD-A25B-FD7772E6184E}.Yota Release|Any CPU.ActiveCfg = Yota Release|Any CPU
		{1D549913-A9AC-45AD-A25B-FD7772E6184E}.Yota Release|Any CPU.Build.0 = Yota Release|Any CPU
		{ABADCEAE-A641-4595-B995-0F77A8FA9AA6}.BeeLineSTS Debug|Any CPU.ActiveCfg = BeeLineSTS Debug|Any CPU
		{ABADCEAE-A641-4595-B995-0F77A8FA9AA6}.BeeLineSTS Debug|Any CPU.Build.0 = BeeLineSTS Debug|Any CPU
		{ABADCEAE-A641-4595-B995-0F77A8FA9AA6}.BeeLineSTS Release|Any CPU.ActiveCfg = BeeLineSTS Release|Any CPU
		{ABADCEAE-A641-4595-B995-0F77A8FA9AA6}.BeeLineSTS Release|Any CPU.Build.0 = BeeLineSTS Release|Any CPU
		{ABADCEAE-A641-4595-B995-0F77A8FA9AA6}.Debug|Any CPU.ActiveCfg = MTS Debug|Any CPU
		{ABADCEAE-A641-4595-B995-0F77A8FA9AA6}.Debug|Any CPU.Build.0 = MTS Debug|Any CPU
		{ABADCEAE-A641-4595-B995-0F77A8FA9AA6}.DEXOL_debug|Any CPU.ActiveCfg = DEXOL_debug|Any CPU
		{ABADCEAE-A641-4595-B995-0F77A8FA9AA6}.DEXOL_debug|Any CPU.Build.0 = DEXOL_debug|Any CPU
		{ABADCEAE-A641-4595-B995-0F77A8FA9AA6}.DEXOL_release|Any CPU.ActiveCfg = DEXOL_release|Any CPU
		{ABADCEAE-A641-4595-B995-0F77A8FA9AA6}.DEXOL_release|Any CPU.Build.0 = DEXOL_release|Any CPU
		{ABADCEAE-A641-4595-B995-0F77A8FA9AA6}.Megafon Debug|Any CPU.ActiveCfg = Megafon Debug|Any CPU
		{ABADCEAE-A641-4595-B995-0F77A8FA9AA6}.Megafon Debug|Any CPU.Build.0 = Megafon Debug|Any CPU
		{ABADCEAE-A641-4595-B995-0F77A8FA9AA6}.Megafon Release|Any CPU.ActiveCfg = Megafon Release|Any CPU
		{ABADCEAE-A641-4595-B995-0F77A8FA9AA6}.Megafon Release|Any CPU.Build.0 = Megafon Release|Any CPU
		{ABADCEAE-A641-4595-B995-0F77A8FA9AA6}.MTS Debug|Any CPU.ActiveCfg = MTS Debug|Any CPU
		{ABADCEAE-A641-4595-B995-0F77A8FA9AA6}.MTS Debug|Any CPU.Build.0 = MTS Debug|Any CPU
		{ABADCEAE-A641-4595-B995-0F77A8FA9AA6}.MTS Release|Any CPU.ActiveCfg = MTS Release|Any CPU
		{ABADCEAE-A641-4595-B995-0F77A8FA9AA6}.MTS Release|Any CPU.Build.0 = MTS Release|Any CPU
		{ABADCEAE-A641-4595-B995-0F77A8FA9AA6}.Release|Any CPU.ActiveCfg = MTS Release|Any CPU
		{ABADCEAE-A641-4595-B995-0F77A8FA9AA6}.Release|Any CPU.Build.0 = MTS Release|Any CPU
		{ABADCEAE-A641-4595-B995-0F77A8FA9AA6}.Yota Debug|Any CPU.ActiveCfg = Yota Debug|Any CPU
		{ABADCEAE-A641-4595-B995-0F77A8FA9AA6}.Yota Debug|Any CPU.Build.0 = Yota Debug|Any CPU
		{ABADCEAE-A641-4595-B995-0F77A8FA9AA6}.Yota Release|Any CPU.ActiveCfg = Yota Release|Any CPU
		{ABADCEAE-A641-4595-B995-0F77A8FA9AA6}.Yota Release|Any CPU.Build.0 = Yota Release|Any CPU
		{9576DAE6-1A64-4FD1-A3BB-89096989E530}.BeeLineSTS Debug|Any CPU.ActiveCfg = BeeLineSTS Debug|Any CPU
		{9576DAE6-1A64-4FD1-A3BB-89096989E530}.BeeLineSTS Debug|Any CPU.Build.0 = BeeLineSTS Debug|Any CPU
		{9576DAE6-1A64-4FD1-A3BB-89096989E530}.BeeLineSTS Release|Any CPU.ActiveCfg = BeeLineSTS Release|Any CPU
		{9576DAE6-1A64-4FD1-A3BB-89096989E530}.BeeLineSTS Release|Any CPU.Build.0 = BeeLineSTS Release|Any CPU
		{9576DAE6-1A64-4FD1-A3BB-89096989E530}.Debug|Any CPU.ActiveCfg = MTS Debug|Any CPU
		{9576DAE6-1A64-4FD1-A3BB-89096989E530}.Debug|Any CPU.Build.0 = MTS Debug|Any CPU
		{9576DAE6-1A64-4FD1-A3BB-89096989E530}.DEXOL_debug|Any CPU.ActiveCfg = DEXOL_debug|Any CPU
		{9576DAE6-1A64-4FD1-A3BB-89096989E530}.DEXOL_debug|Any CPU.Build.0 = DEXOL_debug|Any CPU
		{9576DAE6-1A64-4FD1-A3BB-89096989E530}.DEXOL_release|Any CPU.ActiveCfg = DEXOL_release|Any CPU
		{9576DAE6-1A64-4FD1-A3BB-89096989E530}.DEXOL_release|Any CPU.Build.0 = DEXOL_release|Any CPU
		{9576DAE6-1A64-4FD1-A3BB-89096989E530}.Megafon Debug|Any CPU.ActiveCfg = MTS Release|Any CPU
		{9576DAE6-1A64-4FD1-A3BB-89096989E530}.Megafon Debug|Any CPU.Build.0 = MTS Release|Any CPU
		{9576DAE6-1A64-4FD1-A3BB-89096989E530}.Megafon Release|Any CPU.ActiveCfg = MTS Release|Any CPU
		{9576DAE6-1A64-4FD1-A3BB-89096989E530}.Megafon Release|Any CPU.Build.0 = MTS Release|Any CPU
		{9576DAE6-1A64-4FD1-A3BB-89096989E530}.MTS Debug|Any CPU.ActiveCfg = MTS Debug|Any CPU
		{9576DAE6-1A64-4FD1-A3BB-89096989E530}.MTS Debug|Any CPU.Build.0 = MTS Debug|Any CPU
		{9576DAE6-1A64-4FD1-A3BB-89096989E530}.MTS Release|Any CPU.ActiveCfg = MTS Release|Any CPU
		{9576DAE6-1A64-4FD1-A3BB-89096989E530}.MTS Release|Any CPU.Build.0 = MTS Release|Any CPU
		{9576DAE6-1A64-4FD1-A3BB-89096989E530}.Release|Any CPU.ActiveCfg = MTS Release|Any CPU
		{9576DAE6-1A64-4FD1-A3BB-89096989E530}.Release|Any CPU.Build.0 = MTS Release|Any CPU
		{9576DAE6-1A64-4FD1-A3BB-89096989E530}.Yota Debug|Any CPU.ActiveCfg = Yota Debug|Any CPU
		{9576DAE6-1A64-4FD1-A3BB-89096989E530}.Yota Debug|Any CPU.Build.0 = Yota Debug|Any CPU
		{9576DAE6-1A64-4FD1-A3BB-89096989E530}.Yota Release|Any CPU.ActiveCfg = Yota Release|Any CPU
		{9576DAE6-1A64-4FD1-A3BB-89096989E530}.Yota Release|Any CPU.Build.0 = Yota Release|Any CPU
		{53EB1B9C-2648-4C3A-9EAD-B306DCA1604D}.BeeLineSTS Debug|Any CPU.ActiveCfg = Debug|Any CPU
		{53EB1B9C-2648-4C3A-9EAD-B306DCA1604D}.BeeLineSTS Debug|Any CPU.Build.0 = Debug|Any CPU
		{53EB1B9C-2648-4C3A-9EAD-B306DCA1604D}.BeeLineSTS Release|Any CPU.ActiveCfg = Release|Any CPU
		{53EB1B9C-2648-4C3A-9EAD-B306DCA1604D}.BeeLineSTS Release|Any CPU.Build.0 = Release|Any CPU
		{53EB1B9C-2648-4C3A-9EAD-B306DCA1604D}.Debug|Any CPU.ActiveCfg = Debug|Any CPU
		{53EB1B9C-2648-4C3A-9EAD-B306DCA1604D}.Debug|Any CPU.Build.0 = Debug|Any CPU
		{53EB1B9C-2648-4C3A-9EAD-B306DCA1604D}.DEXOL_debug|Any CPU.ActiveCfg = DEXOL_debug|Any CPU
		{53EB1B9C-2648-4C3A-9EAD-B306DCA1604D}.DEXOL_debug|Any CPU.Build.0 = DEXOL_debug|Any CPU
		{53EB1B9C-2648-4C3A-9EAD-B306DCA1604D}.DEXOL_release|Any CPU.ActiveCfg = DEXOL_release|Any CPU
		{53EB1B9C-2648-4C3A-9EAD-B306DCA1604D}.DEXOL_release|Any CPU.Build.0 = DEXOL_release|Any CPU
		{53EB1B9C-2648-4C3A-9EAD-B306DCA1604D}.Megafon Debug|Any CPU.ActiveCfg = Debug|Any CPU
		{53EB1B9C-2648-4C3A-9EAD-B306DCA1604D}.Megafon Debug|Any CPU.Build.0 = Debug|Any CPU
		{53EB1B9C-2648-4C3A-9EAD-B306DCA1604D}.Megafon Release|Any CPU.ActiveCfg = Release|Any CPU
		{53EB1B9C-2648-4C3A-9EAD-B306DCA1604D}.Megafon Release|Any CPU.Build.0 = Release|Any CPU
		{53EB1B9C-2648-4C3A-9EAD-B306DCA1604D}.MTS Debug|Any CPU.ActiveCfg = MTS Debug|Any CPU
		{53EB1B9C-2648-4C3A-9EAD-B306DCA1604D}.MTS Debug|Any CPU.Build.0 = MTS Debug|Any CPU
		{53EB1B9C-2648-4C3A-9EAD-B306DCA1604D}.MTS Release|Any CPU.ActiveCfg = MTS Release|Any CPU
		{53EB1B9C-2648-4C3A-9EAD-B306DCA1604D}.MTS Release|Any CPU.Build.0 = MTS Release|Any CPU
		{53EB1B9C-2648-4C3A-9EAD-B306DCA1604D}.Release|Any CPU.ActiveCfg = Release|Any CPU
		{53EB1B9C-2648-4C3A-9EAD-B306DCA1604D}.Release|Any CPU.Build.0 = Release|Any CPU
		{53EB1B9C-2648-4C3A-9EAD-B306DCA1604D}.Yota Debug|Any CPU.ActiveCfg = Yota Debug|Any CPU
		{53EB1B9C-2648-4C3A-9EAD-B306DCA1604D}.Yota Debug|Any CPU.Build.0 = Yota Debug|Any CPU
		{53EB1B9C-2648-4C3A-9EAD-B306DCA1604D}.Yota Release|Any CPU.ActiveCfg = Yota Release|Any CPU
		{53EB1B9C-2648-4C3A-9EAD-B306DCA1604D}.Yota Release|Any CPU.Build.0 = Yota Release|Any CPU
		{DB76AE84-0E5B-4BC5-903A-3AF0B6781F78}.BeeLineSTS Debug|Any CPU.ActiveCfg = Yota Release|Any CPU
		{DB76AE84-0E5B-4BC5-903A-3AF0B6781F78}.BeeLineSTS Debug|Any CPU.Build.0 = Yota Release|Any CPU
		{DB76AE84-0E5B-4BC5-903A-3AF0B6781F78}.BeeLineSTS Release|Any CPU.ActiveCfg = Yota Release|Any CPU
		{DB76AE84-0E5B-4BC5-903A-3AF0B6781F78}.BeeLineSTS Release|Any CPU.Build.0 = Yota Release|Any CPU
		{DB76AE84-0E5B-4BC5-903A-3AF0B6781F78}.Debug|Any CPU.ActiveCfg = Yota Debug|Any CPU
		{DB76AE84-0E5B-4BC5-903A-3AF0B6781F78}.Debug|Any CPU.Build.0 = Yota Debug|Any CPU
		{DB76AE84-0E5B-4BC5-903A-3AF0B6781F78}.DEXOL_debug|Any CPU.ActiveCfg = DEXOL_debug|Any CPU
		{DB76AE84-0E5B-4BC5-903A-3AF0B6781F78}.DEXOL_debug|Any CPU.Build.0 = DEXOL_debug|Any CPU
		{DB76AE84-0E5B-4BC5-903A-3AF0B6781F78}.DEXOL_release|Any CPU.ActiveCfg = DEXOL_release|Any CPU
		{DB76AE84-0E5B-4BC5-903A-3AF0B6781F78}.DEXOL_release|Any CPU.Build.0 = DEXOL_release|Any CPU
		{DB76AE84-0E5B-4BC5-903A-3AF0B6781F78}.Megafon Debug|Any CPU.ActiveCfg = Megafon Debug|Any CPU
		{DB76AE84-0E5B-4BC5-903A-3AF0B6781F78}.Megafon Debug|Any CPU.Build.0 = Megafon Debug|Any CPU
		{DB76AE84-0E5B-4BC5-903A-3AF0B6781F78}.Megafon Release|Any CPU.ActiveCfg = Megafon Release|Any CPU
		{DB76AE84-0E5B-4BC5-903A-3AF0B6781F78}.Megafon Release|Any CPU.Build.0 = Megafon Release|Any CPU
		{DB76AE84-0E5B-4BC5-903A-3AF0B6781F78}.MTS Debug|Any CPU.ActiveCfg = Megafon Debug|Any CPU
		{DB76AE84-0E5B-4BC5-903A-3AF0B6781F78}.MTS Debug|Any CPU.Build.0 = Megafon Debug|Any CPU
		{DB76AE84-0E5B-4BC5-903A-3AF0B6781F78}.MTS Release|Any CPU.ActiveCfg = Megafon Debug|Any CPU
		{DB76AE84-0E5B-4BC5-903A-3AF0B6781F78}.MTS Release|Any CPU.Build.0 = Megafon Debug|Any CPU
		{DB76AE84-0E5B-4BC5-903A-3AF0B6781F78}.Release|Any CPU.ActiveCfg = Yota Release|Any CPU
		{DB76AE84-0E5B-4BC5-903A-3AF0B6781F78}.Release|Any CPU.Build.0 = Yota Release|Any CPU
		{DB76AE84-0E5B-4BC5-903A-3AF0B6781F78}.Yota Debug|Any CPU.ActiveCfg = Yota Debug|Any CPU
		{DB76AE84-0E5B-4BC5-903A-3AF0B6781F78}.Yota Debug|Any CPU.Build.0 = Yota Debug|Any CPU
		{DB76AE84-0E5B-4BC5-903A-3AF0B6781F78}.Yota Release|Any CPU.ActiveCfg = Yota Release|Any CPU
		{DB76AE84-0E5B-4BC5-903A-3AF0B6781F78}.Yota Release|Any CPU.Build.0 = Yota Release|Any CPU
		{C93C5B18-4AFB-47A0-A927-6BEC97AE8CD3}.BeeLineSTS Debug|Any CPU.ActiveCfg = Yota Release|Any CPU
		{C93C5B18-4AFB-47A0-A927-6BEC97AE8CD3}.BeeLineSTS Debug|Any CPU.Build.0 = Yota Release|Any CPU
		{C93C5B18-4AFB-47A0-A927-6BEC97AE8CD3}.BeeLineSTS Release|Any CPU.ActiveCfg = Yota Release|Any CPU
		{C93C5B18-4AFB-47A0-A927-6BEC97AE8CD3}.BeeLineSTS Release|Any CPU.Build.0 = Yota Release|Any CPU
		{C93C5B18-4AFB-47A0-A927-6BEC97AE8CD3}.Debug|Any CPU.ActiveCfg = Yota Debug|Any CPU
		{C93C5B18-4AFB-47A0-A927-6BEC97AE8CD3}.Debug|Any CPU.Build.0 = Yota Debug|Any CPU
		{C93C5B18-4AFB-47A0-A927-6BEC97AE8CD3}.DEXOL_debug|Any CPU.ActiveCfg = DEXOL_debug|Any CPU
		{C93C5B18-4AFB-47A0-A927-6BEC97AE8CD3}.DEXOL_debug|Any CPU.Build.0 = DEXOL_debug|Any CPU
		{C93C5B18-4AFB-47A0-A927-6BEC97AE8CD3}.DEXOL_release|Any CPU.ActiveCfg = DEXOL_release|Any CPU
		{C93C5B18-4AFB-47A0-A927-6BEC97AE8CD3}.DEXOL_release|Any CPU.Build.0 = DEXOL_release|Any CPU
		{C93C5B18-4AFB-47A0-A927-6BEC97AE8CD3}.Megafon Debug|Any CPU.ActiveCfg = Megafon Debug|Any CPU
		{C93C5B18-4AFB-47A0-A927-6BEC97AE8CD3}.Megafon Debug|Any CPU.Build.0 = Megafon Debug|Any CPU
		{C93C5B18-4AFB-47A0-A927-6BEC97AE8CD3}.Megafon Release|Any CPU.ActiveCfg = Megafon Release|Any CPU
		{C93C5B18-4AFB-47A0-A927-6BEC97AE8CD3}.Megafon Release|Any CPU.Build.0 = Megafon Release|Any CPU
		{C93C5B18-4AFB-47A0-A927-6BEC97AE8CD3}.MTS Debug|Any CPU.ActiveCfg = Megafon Debug|Any CPU
		{C93C5B18-4AFB-47A0-A927-6BEC97AE8CD3}.MTS Debug|Any CPU.Build.0 = Megafon Debug|Any CPU
		{C93C5B18-4AFB-47A0-A927-6BEC97AE8CD3}.MTS Release|Any CPU.ActiveCfg = Megafon Debug|Any CPU
		{C93C5B18-4AFB-47A0-A927-6BEC97AE8CD3}.MTS Release|Any CPU.Build.0 = Megafon Debug|Any CPU
		{C93C5B18-4AFB-47A0-A927-6BEC97AE8CD3}.Release|Any CPU.ActiveCfg = Yota Release|Any CPU
		{C93C5B18-4AFB-47A0-A927-6BEC97AE8CD3}.Release|Any CPU.Build.0 = Yota Release|Any CPU
		{C93C5B18-4AFB-47A0-A927-6BEC97AE8CD3}.Yota Debug|Any CPU.ActiveCfg = Yota Debug|Any CPU
		{C93C5B18-4AFB-47A0-A927-6BEC97AE8CD3}.Yota Debug|Any CPU.Build.0 = Yota Debug|Any CPU
		{C93C5B18-4AFB-47A0-A927-6BEC97AE8CD3}.Yota Release|Any CPU.ActiveCfg = Yota Release|Any CPU
		{C93C5B18-4AFB-47A0-A927-6BEC97AE8CD3}.Yota Release|Any CPU.Build.0 = Yota Release|Any CPU
		{972D170F-0973-4242-A3A9-E6D161C7C1C0}.BeeLineSTS Debug|Any CPU.ActiveCfg = Debug|Any CPU
		{972D170F-0973-4242-A3A9-E6D161C7C1C0}.BeeLineSTS Debug|Any CPU.Build.0 = Debug|Any CPU
		{972D170F-0973-4242-A3A9-E6D161C7C1C0}.BeeLineSTS Release|Any CPU.ActiveCfg = Release|Any CPU
		{972D170F-0973-4242-A3A9-E6D161C7C1C0}.BeeLineSTS Release|Any CPU.Build.0 = Release|Any CPU
		{972D170F-0973-4242-A3A9-E6D161C7C1C0}.Debug|Any CPU.ActiveCfg = Debug|Any CPU
		{972D170F-0973-4242-A3A9-E6D161C7C1C0}.Debug|Any CPU.Build.0 = Debug|Any CPU
		{972D170F-0973-4242-A3A9-E6D161C7C1C0}.DEXOL_debug|Any CPU.ActiveCfg = Debug|Any CPU
		{972D170F-0973-4242-A3A9-E6D161C7C1C0}.DEXOL_debug|Any CPU.Build.0 = Debug|Any CPU
		{972D170F-0973-4242-A3A9-E6D161C7C1C0}.DEXOL_release|Any CPU.ActiveCfg = Debug|Any CPU
		{972D170F-0973-4242-A3A9-E6D161C7C1C0}.DEXOL_release|Any CPU.Build.0 = Debug|Any CPU
		{972D170F-0973-4242-A3A9-E6D161C7C1C0}.Megafon Debug|Any CPU.ActiveCfg = Debug|Any CPU
		{972D170F-0973-4242-A3A9-E6D161C7C1C0}.Megafon Debug|Any CPU.Build.0 = Debug|Any CPU
		{972D170F-0973-4242-A3A9-E6D161C7C1C0}.Megafon Release|Any CPU.ActiveCfg = Release|Any CPU
		{972D170F-0973-4242-A3A9-E6D161C7C1C0}.Megafon Release|Any CPU.Build.0 = Release|Any CPU
		{972D170F-0973-4242-A3A9-E6D161C7C1C0}.MTS Debug|Any CPU.ActiveCfg = MTS Debug|Any CPU
		{972D170F-0973-4242-A3A9-E6D161C7C1C0}.MTS Debug|Any CPU.Build.0 = MTS Debug|Any CPU
		{972D170F-0973-4242-A3A9-E6D161C7C1C0}.MTS Release|Any CPU.ActiveCfg = MTS Release|Any CPU
		{972D170F-0973-4242-A3A9-E6D161C7C1C0}.MTS Release|Any CPU.Build.0 = MTS Release|Any CPU
		{972D170F-0973-4242-A3A9-E6D161C7C1C0}.Release|Any CPU.ActiveCfg = Release|Any CPU
		{972D170F-0973-4242-A3A9-E6D161C7C1C0}.Release|Any CPU.Build.0 = Release|Any CPU
		{972D170F-0973-4242-A3A9-E6D161C7C1C0}.Yota Debug|Any CPU.ActiveCfg = Yota Debug|Any CPU
		{972D170F-0973-4242-A3A9-E6D161C7C1C0}.Yota Debug|Any CPU.Build.0 = Yota Debug|Any CPU
		{972D170F-0973-4242-A3A9-E6D161C7C1C0}.Yota Release|Any CPU.ActiveCfg = Yota Release|Any CPU
		{972D170F-0973-4242-A3A9-E6D161C7C1C0}.Yota Release|Any CPU.Build.0 = Yota Release|Any CPU
	EndGlobalSection
	GlobalSection(SolutionProperties) = preSolution
		HideSolutionNode = FALSE
	EndGlobalSection
	GlobalSection(SubversionScc) = preSolution
		Svn-Managed = True
		Manager = AnkhSVN - Subversion Support for Visual Studio
	EndGlobalSection
EndGlobal
